
Microsoft Visual Studio Solution File, Format Version 12.00
# Visual Studio Version 17
VisualStudioVersion = 17.0.31903.59
MinimumVisualStudioVersion = 10.0.40219.1
Project("{FAE04EC0-301F-11D3-BF4B-00C04F79EFBC}") = "SkinetV2.Api", "SkinetV2.Api\SkinetV2.Api.csproj", "{F4AB1ACD-7589-403E-81A1-00C539A598D3}"
EndProject
Project("{FAE04EC0-301F-11D3-BF4B-00C04F79EFBC}") = "SkinetV2.Application", "SkinetV2.Application\SkinetV2.Application.csproj", "{C24D1DA4-8DC4-49E8-8C7B-B1988A553464}"
EndProject
Project("{FAE04EC0-301F-11D3-BF4B-00C04F79EFBC}") = "SkinetV2.Contracts", "SkinetV2.Contracts\SkinetV2.Contracts.csproj", "{B4D10B72-58B0-4726-9E0F-1D7F341E4E81}"
EndProject
Project("{FAE04EC0-301F-11D3-BF4B-00C04F79EFBC}") = "SkinetV2.Domain", "SkinetV2.Domain\SkinetV2.Domain.csproj", "{10AC4015-4899-4695-BD51-E311B536ABC8}"
EndProject
Project("{FAE04EC0-301F-11D3-BF4B-00C04F79EFBC}") = "SkinetV2.Infrastructure", "SkinetV2.Infrastructure\SkinetV2.Infrastructure.csproj", "{24C90AF5-16CE-4BB5-900A-0BA8BFBA46B3}"
EndProject
Global
	GlobalSection(SolutionConfigurationPlatforms) = preSolution
		Debug|Any CPU = Debug|Any CPU
		Release|Any CPU = Release|Any CPU
	EndGlobalSection
	GlobalSection(SolutionProperties) = preSolution
		HideSolutionNode = FALSE
	EndGlobalSection
	GlobalSection(ProjectConfigurationPlatforms) = postSolution
		{F4AB1ACD-7589-403E-81A1-00C539A598D3}.Debug|Any CPU.ActiveCfg = Debug|Any CPU
		{F4AB1ACD-7589-403E-81A1-00C539A598D3}.Debug|Any CPU.Build.0 = Debug|Any CPU
		{F4AB1ACD-7589-403E-81A1-00C539A598D3}.Release|Any CPU.ActiveCfg = Release|Any CPU
		{F4AB1ACD-7589-403E-81A1-00C539A598D3}.Release|Any CPU.Build.0 = Release|Any CPU
		{C24D1DA4-8DC4-49E8-8C7B-B1988A553464}.Debug|Any CPU.ActiveCfg = Debug|Any CPU
		{C24D1DA4-8DC4-49E8-8C7B-B1988A553464}.Debug|Any CPU.Build.0 = Debug|Any CPU
		{C24D1DA4-8DC4-49E8-8C7B-B1988A553464}.Release|Any CPU.ActiveCfg = Release|Any CPU
		{C24D1DA4-8DC4-49E8-8C7B-B1988A553464}.Release|Any CPU.Build.0 = Release|Any CPU
		{B4D10B72-58B0-4726-9E0F-1D7F341E4E81}.Debug|Any CPU.ActiveCfg = Debug|Any CPU
		{B4D10B72-58B0-4726-9E0F-1D7F341E4E81}.Debug|Any CPU.Build.0 = Debug|Any CPU
		{B4D10B72-58B0-4726-9E0F-1D7F341E4E81}.Release|Any CPU.ActiveCfg = Release|Any CPU
		{B4D10B72-58B0-4726-9E0F-1D7F341E4E81}.Release|Any CPU.Build.0 = Release|Any CPU
		{10AC4015-4899-4695-BD51-E311B536ABC8}.Debug|Any CPU.ActiveCfg = Debug|Any CPU
		{10AC4015-4899-4695-BD51-E311B536ABC8}.Debug|Any CPU.Build.0 = Debug|Any CPU
		{10AC4015-4899-4695-BD51-E311B536ABC8}.Release|Any CPU.ActiveCfg = Release|Any CPU
		{10AC4015-4899-4695-BD51-E311B536ABC8}.Release|Any CPU.Build.0 = Release|Any CPU
		{24C90AF5-16CE-4BB5-900A-0BA8BFBA46B3}.Debug|Any CPU.ActiveCfg = Debug|Any CPU
		{24C90AF5-16CE-4BB5-900A-0BA8BFBA46B3}.Debug|Any CPU.Build.0 = Debug|Any CPU
		{24C90AF5-16CE-4BB5-900A-0BA8BFBA46B3}.Release|Any CPU.ActiveCfg = Release|Any CPU
		{24C90AF5-16CE-4BB5-900A-0BA8BFBA46B3}.Release|Any CPU.Build.0 = Release|Any CPU
	EndGlobalSection
EndGlobal
